
Microsoft Visual Studio Solution File, Format Version 12.00
# Visual Studio Version 16
VisualStudioVersion = 16.0.28922.388
MinimumVisualStudioVersion = 10.0.40219.1
Project("{FAE04EC0-301F-11D3-BF4B-00C04F79EFBC}") = "Csv_Merger_Excel", "Csv_Merger_Excel\Csv_Merger_Excel.csproj", "{A1B7AF90-4CBB-4592-A8FB-3D7A2E0D40AA}"
EndProject
Global
	GlobalSection(SolutionConfigurationPlatforms) = preSolution
		Debug|Any CPU = Debug|Any CPU
		Release|Any CPU = Release|Any CPU
	EndGlobalSection
	GlobalSection(ProjectConfigurationPlatforms) = postSolution
		{A1B7AF90-4CBB-4592-A8FB-3D7A2E0D40AA}.Debug|Any CPU.ActiveCfg = Debug|Any CPU
		{A1B7AF90-4CBB-4592-A8FB-3D7A2E0D40AA}.Debug|Any CPU.Build.0 = Debug|Any CPU
		{A1B7AF90-4CBB-4592-A8FB-3D7A2E0D40AA}.Release|Any CPU.ActiveCfg = Release|Any CPU
		{A1B7AF90-4CBB-4592-A8FB-3D7A2E0D40AA}.Release|Any CPU.Build.0 = Release|Any CPU
	EndGlobalSection
	GlobalSection(SolutionProperties) = preSolution
		HideSolutionNode = FALSE
	EndGlobalSection
	GlobalSection(ExtensibilityGlobals) = postSolution
		SolutionGuid = {5B7A9730-F2A0-45EA-A90E-339BDAEC6DDF}
	EndGlobalSection
EndGlobal
